// !$*UTF8*$!
{
	archiveVersion = 1;
	classes = {
	};
	objectVersion = 50;
	objects = {

/* Begin PBXBuildFile section */
		104D5CB425088C5C00E5F9D8 /* CardView.swift in Sources */ = {isa = PBXBuildFile; fileRef = 104D5CB325088C5C00E5F9D8 /* CardView.swift */; };
		104D5CB62508938C00E5F9D8 /* Color.swift in Sources */ = {isa = PBXBuildFile; fileRef = 104D5CB52508938C00E5F9D8 /* Color.swift */; };
		109727122506790100217C63 /* SimpleDictionaryApp.swift in Sources */ = {isa = PBXBuildFile; fileRef = 109727112506790100217C63 /* SimpleDictionaryApp.swift */; };
		109727142506790100217C63 /* ContentView.swift in Sources */ = {isa = PBXBuildFile; fileRef = 109727132506790100217C63 /* ContentView.swift */; };
		109727162506790400217C63 /* Assets.xcassets in Resources */ = {isa = PBXBuildFile; fileRef = 109727152506790400217C63 /* Assets.xcassets */; };
		109727192506790400217C63 /* Preview Assets.xcassets in Resources */ = {isa = PBXBuildFile; fileRef = 109727182506790400217C63 /* Preview Assets.xcassets */; };
		10972721250679CD00217C63 /* DictionaryView.swift in Sources */ = {isa = PBXBuildFile; fileRef = 10972720250679CD00217C63 /* DictionaryView.swift */; };
		1097272325067A9C00217C63 /* HistoryView.swift in Sources */ = {isa = PBXBuildFile; fileRef = 1097272225067A9C00217C63 /* HistoryView.swift */; };
		1097272625067DAC00217C63 /* API.swift in Sources */ = {isa = PBXBuildFile; fileRef = 1097272525067DAC00217C63 /* API.swift */; };
		109727282506880B00217C63 /* APIKeys.swift in Sources */ = {isa = PBXBuildFile; fileRef = 109727272506880B00217C63 /* APIKeys.swift */; };
		1097272F2506A2CE00217C63 /* OXFEntry.swift in Sources */ = {isa = PBXBuildFile; fileRef = 1097272E2506A2CE00217C63 /* OXFEntry.swift */; };
		109727312506A51B00217C63 /* OXFSense.swift in Sources */ = {isa = PBXBuildFile; fileRef = 109727302506A51B00217C63 /* OXFSense.swift */; };
		109727332506A62A00217C63 /* OXFExamplesList.swift in Sources */ = {isa = PBXBuildFile; fileRef = 109727322506A62A00217C63 /* OXFExamplesList.swift */; };
		109727352506A7B000217C63 /* OXFRetrieveEntry.swift in Sources */ = {isa = PBXBuildFile; fileRef = 109727342506A7B000217C63 /* OXFRetrieveEntry.swift */; };
		109727372506A7E800217C63 /* OXFHeadwordEntry.swift in Sources */ = {isa = PBXBuildFile; fileRef = 109727362506A7E800217C63 /* OXFHeadwordEntry.swift */; };
		109727392506A86000217C63 /* OXFLexicalEntry.swift in Sources */ = {isa = PBXBuildFile; fileRef = 109727382506A86000217C63 /* OXFLexicalEntry.swift */; };
		1097273B2506AAF700217C63 /* OXFRetrieveEntry+Networking.swift in Sources */ = {isa = PBXBuildFile; fileRef = 1097273A2506AAF700217C63 /* OXFRetrieveEntry+Networking.swift */; };
		1097273E2506AF1800217C63 /* DictionaryViewModel.swift in Sources */ = {isa = PBXBuildFile; fileRef = 1097273D2506AF1800217C63 /* DictionaryViewModel.swift */; };
		109727452506E01800217C63 /* DictionaryEntryView.swift in Sources */ = {isa = PBXBuildFile; fileRef = 109727442506E01800217C63 /* DictionaryEntryView.swift */; };
		1097274C2507CFDA00217C63 /* Dropdown.swift in Sources */ = {isa = PBXBuildFile; fileRef = 1097274B2507CFDA00217C63 /* Dropdown.swift */; };
		1097274E2507D3CB00217C63 /* DropdownItem.swift in Sources */ = {isa = PBXBuildFile; fileRef = 1097274D2507D3CB00217C63 /* DropdownItem.swift */; };
		10E19DB9250816C80061CF6B /* String.swift in Sources */ = {isa = PBXBuildFile; fileRef = 10E19DB8250816C80061CF6B /* String.swift */; };
		10E19DC125081DD80061CF6B /* Entry.swift in Sources */ = {isa = PBXBuildFile; fileRef = 10E19DC025081DD80061CF6B /* Entry.swift */; };
/* End PBXBuildFile section */

/* Begin PBXFileReference section */
		100BBE7A2513C225005D5B48 /* SimpleDictionary.entitlements */ = {isa = PBXFileReference; lastKnownFileType = text.plist.entitlements; path = SimpleDictionary.entitlements; sourceTree = "<group>"; };
		104D5CB325088C5C00E5F9D8 /* CardView.swift */ = {isa = PBXFileReference; lastKnownFileType = sourcecode.swift; path = CardView.swift; sourceTree = "<group>"; };
		104D5CB52508938C00E5F9D8 /* Color.swift */ = {isa = PBXFileReference; lastKnownFileType = sourcecode.swift; path = Color.swift; sourceTree = "<group>"; };
		1097270E2506790100217C63 /* SimpleDictionary.app */ = {isa = PBXFileReference; explicitFileType = wrapper.application; includeInIndex = 0; path = SimpleDictionary.app; sourceTree = BUILT_PRODUCTS_DIR; };
		109727112506790100217C63 /* SimpleDictionaryApp.swift */ = {isa = PBXFileReference; lastKnownFileType = sourcecode.swift; path = SimpleDictionaryApp.swift; sourceTree = "<group>"; };
		109727132506790100217C63 /* ContentView.swift */ = {isa = PBXFileReference; lastKnownFileType = sourcecode.swift; path = ContentView.swift; sourceTree = "<group>"; };
		109727152506790400217C63 /* Assets.xcassets */ = {isa = PBXFileReference; lastKnownFileType = folder.assetcatalog; path = Assets.xcassets; sourceTree = "<group>"; };
		109727182506790400217C63 /* Preview Assets.xcassets */ = {isa = PBXFileReference; lastKnownFileType = folder.assetcatalog; path = "Preview Assets.xcassets"; sourceTree = "<group>"; };
		1097271A2506790400217C63 /* Info.plist */ = {isa = PBXFileReference; lastKnownFileType = text.plist.xml; path = Info.plist; sourceTree = "<group>"; };
		10972720250679CD00217C63 /* DictionaryView.swift */ = {isa = PBXFileReference; lastKnownFileType = sourcecode.swift; path = DictionaryView.swift; sourceTree = "<group>"; };
		1097272225067A9C00217C63 /* HistoryView.swift */ = {isa = PBXFileReference; lastKnownFileType = sourcecode.swift; path = HistoryView.swift; sourceTree = "<group>"; };
		1097272525067DAC00217C63 /* API.swift */ = {isa = PBXFileReference; lastKnownFileType = sourcecode.swift; path = API.swift; sourceTree = "<group>"; };
		109727272506880B00217C63 /* APIKeys.swift */ = {isa = PBXFileReference; lastKnownFileType = sourcecode.swift; path = APIKeys.swift; sourceTree = "<group>"; };
		1097272E2506A2CE00217C63 /* OXFEntry.swift */ = {isa = PBXFileReference; lastKnownFileType = sourcecode.swift; path = OXFEntry.swift; sourceTree = "<group>"; };
		109727302506A51B00217C63 /* OXFSense.swift */ = {isa = PBXFileReference; lastKnownFileType = sourcecode.swift; path = OXFSense.swift; sourceTree = "<group>"; };
		109727322506A62A00217C63 /* OXFExamplesList.swift */ = {isa = PBXFileReference; lastKnownFileType = sourcecode.swift; path = OXFExamplesList.swift; sourceTree = "<group>"; };
		109727342506A7B000217C63 /* OXFRetrieveEntry.swift */ = {isa = PBXFileReference; lastKnownFileType = sourcecode.swift; path = OXFRetrieveEntry.swift; sourceTree = "<group>"; };
		109727362506A7E800217C63 /* OXFHeadwordEntry.swift */ = {isa = PBXFileReference; lastKnownFileType = sourcecode.swift; path = OXFHeadwordEntry.swift; sourceTree = "<group>"; };
		109727382506A86000217C63 /* OXFLexicalEntry.swift */ = {isa = PBXFileReference; lastKnownFileType = sourcecode.swift; path = OXFLexicalEntry.swift; sourceTree = "<group>"; };
		1097273A2506AAF700217C63 /* OXFRetrieveEntry+Networking.swift */ = {isa = PBXFileReference; lastKnownFileType = sourcecode.swift; path = "OXFRetrieveEntry+Networking.swift"; sourceTree = "<group>"; };
		1097273D2506AF1800217C63 /* DictionaryViewModel.swift */ = {isa = PBXFileReference; lastKnownFileType = sourcecode.swift; path = DictionaryViewModel.swift; sourceTree = "<group>"; };
		109727442506E01800217C63 /* DictionaryEntryView.swift */ = {isa = PBXFileReference; lastKnownFileType = sourcecode.swift; path = DictionaryEntryView.swift; sourceTree = "<group>"; };
		1097274B2507CFDA00217C63 /* Dropdown.swift */ = {isa = PBXFileReference; lastKnownFileType = sourcecode.swift; path = Dropdown.swift; sourceTree = "<group>"; };
		1097274D2507D3CB00217C63 /* DropdownItem.swift */ = {isa = PBXFileReference; lastKnownFileType = sourcecode.swift; path = DropdownItem.swift; sourceTree = "<group>"; };
		10E19DB8250816C80061CF6B /* String.swift */ = {isa = PBXFileReference; lastKnownFileType = sourcecode.swift; path = String.swift; sourceTree = "<group>"; };
		10E19DC025081DD80061CF6B /* Entry.swift */ = {isa = PBXFileReference; lastKnownFileType = sourcecode.swift; path = Entry.swift; sourceTree = "<group>"; };
/* End PBXFileReference section */

/* Begin PBXFrameworksBuildPhase section */
		1097270B2506790100217C63 /* Frameworks */ = {
			isa = PBXFrameworksBuildPhase;
			buildActionMask = 2147483647;
			files = (
			);
			runOnlyForDeploymentPostprocessing = 0;
		};
/* End PBXFrameworksBuildPhase section */

/* Begin PBXGroup section */
		104D5CB225088B8600E5F9D8 /* DropdownView */ = {
			isa = PBXGroup;
			children = (
				1097274B2507CFDA00217C63 /* Dropdown.swift */,
				1097274D2507D3CB00217C63 /* DropdownItem.swift */,
			);
			path = DropdownView;
			sourceTree = "<group>";
		};
		109727052506790100217C63 = {
			isa = PBXGroup;
			children = (
				109727102506790100217C63 /* SimpleDictionary */,
				1097270F2506790100217C63 /* Products */,
			);
			sourceTree = "<group>";
		};
		1097270F2506790100217C63 /* Products */ = {
			isa = PBXGroup;
			children = (
				1097270E2506790100217C63 /* SimpleDictionary.app */,
			);
			name = Products;
			sourceTree = "<group>";
		};
		109727102506790100217C63 /* SimpleDictionary */ = {
			isa = PBXGroup;
			children = (
				100BBE7A2513C225005D5B48 /* SimpleDictionary.entitlements */,
				10E19DB7250816AE0061CF6B /* Extensions */,
				1097274A2507CFC100217C63 /* Reusable Components */,
				109727462506E0BE00217C63 /* App Lifecycle */,
				1097273F2506DF7500217C63 /* Screens & Views */,
				1097272425067D6F00217C63 /* Backend */,
				109727152506790400217C63 /* Assets.xcassets */,
				1097271A2506790400217C63 /* Info.plist */,
				109727172506790400217C63 /* Preview Content */,
			);
			path = SimpleDictionary;
			sourceTree = "<group>";
		};
		109727172506790400217C63 /* Preview Content */ = {
			isa = PBXGroup;
			children = (
				109727182506790400217C63 /* Preview Assets.xcassets */,
			);
			path = "Preview Content";
			sourceTree = "<group>";
		};
		1097272425067D6F00217C63 /* Backend */ = {
			isa = PBXGroup;
			children = (
				1097272B2506A12100217C63 /* Models */,
				1097272A2506A10E00217C63 /* Networking */,
			);
			path = Backend;
			sourceTree = "<group>";
		};
		1097272A2506A10E00217C63 /* Networking */ = {
			isa = PBXGroup;
			children = (
				1097272D2506A14F00217C63 /* Models Extensions */,
				1097272525067DAC00217C63 /* API.swift */,
				109727272506880B00217C63 /* APIKeys.swift */,
			);
			path = Networking;
			sourceTree = "<group>";
		};
		1097272B2506A12100217C63 /* Models */ = {
			isa = PBXGroup;
			children = (
				10E19DBF25081D160061CF6B /* Normalized */,
				10E19DBE25081CE90061CF6B /* Oxford API */,
			);
			path = Models;
			sourceTree = "<group>";
		};
		1097272D2506A14F00217C63 /* Models Extensions */ = {
			isa = PBXGroup;
			children = (
				1097273A2506AAF700217C63 /* OXFRetrieveEntry+Networking.swift */,
			);
			path = "Models Extensions";
			sourceTree = "<group>";
		};
		1097273F2506DF7500217C63 /* Screens & Views */ = {
			isa = PBXGroup;
			children = (
				109727472506E0E200217C63 /* Main */,
				109727432506DFDA00217C63 /* Views */,
				109727412506DFC300217C63 /* Screens */,
			);
			path = "Screens & Views";
			sourceTree = "<group>";
		};
		109727402506DF9E00217C63 /* Dictionary */ = {
			isa = PBXGroup;
			children = (
				1097273D2506AF1800217C63 /* DictionaryViewModel.swift */,
				10972720250679CD00217C63 /* DictionaryView.swift */,
			);
			path = Dictionary;
			sourceTree = "<group>";
		};
		109727412506DFC300217C63 /* Screens */ = {
			isa = PBXGroup;
			children = (
				109727422506DFCE00217C63 /* History */,
				109727402506DF9E00217C63 /* Dictionary */,
			);
			path = Screens;
			sourceTree = "<group>";
		};
		109727422506DFCE00217C63 /* History */ = {
			isa = PBXGroup;
			children = (
				1097272225067A9C00217C63 /* HistoryView.swift */,
			);
			path = History;
			sourceTree = "<group>";
		};
		109727432506DFDA00217C63 /* Views */ = {
			isa = PBXGroup;
			children = (
				109727442506E01800217C63 /* DictionaryEntryView.swift */,
			);
			path = Views;
			sourceTree = "<group>";
		};
		109727462506E0BE00217C63 /* App Lifecycle */ = {
			isa = PBXGroup;
			children = (
				109727112506790100217C63 /* SimpleDictionaryApp.swift */,
			);
			path = "App Lifecycle";
			sourceTree = "<group>";
		};
		109727472506E0E200217C63 /* Main */ = {
			isa = PBXGroup;
			children = (
				109727132506790100217C63 /* ContentView.swift */,
			);
			path = Main;
			sourceTree = "<group>";
		};
		1097274A2507CFC100217C63 /* Reusable Components */ = {
			isa = PBXGroup;
			children = (
				104D5CB225088B8600E5F9D8 /* DropdownView */,
				104D5CB325088C5C00E5F9D8 /* CardView.swift */,
			);
			path = "Reusable Components";
			sourceTree = "<group>";
		};
		10E19DB7250816AE0061CF6B /* Extensions */ = {
			isa = PBXGroup;
			children = (
				10E19DB8250816C80061CF6B /* String.swift */,
				104D5CB52508938C00E5F9D8 /* Color.swift */,
			);
			path = Extensions;
			sourceTree = "<group>";
		};
		10E19DBE25081CE90061CF6B /* Oxford API */ = {
			isa = PBXGroup;
			children = (
				109727342506A7B000217C63 /* OXFRetrieveEntry.swift */,
				109727362506A7E800217C63 /* OXFHeadwordEntry.swift */,
				109727382506A86000217C63 /* OXFLexicalEntry.swift */,
				1097272E2506A2CE00217C63 /* OXFEntry.swift */,
				109727302506A51B00217C63 /* OXFSense.swift */,
				109727322506A62A00217C63 /* OXFExamplesList.swift */,
			);
			path = "Oxford API";
			sourceTree = "<group>";
		};
		10E19DBF25081D160061CF6B /* Normalized */ = {
			isa = PBXGroup;
			children = (
				10E19DC025081DD80061CF6B /* Entry.swift */,
			);
			path = Normalized;
			sourceTree = "<group>";
		};
/* End PBXGroup section */

/* Begin PBXNativeTarget section */
		1097270D2506790100217C63 /* SimpleDictionary */ = {
			isa = PBXNativeTarget;
			buildConfigurationList = 1097271D2506790400217C63 /* Build configuration list for PBXNativeTarget "SimpleDictionary" */;
			buildPhases = (
				1097270A2506790100217C63 /* Sources */,
				1097270B2506790100217C63 /* Frameworks */,
				1097270C2506790100217C63 /* Resources */,
			);
			buildRules = (
			);
			dependencies = (
			);
			name = SimpleDictionary;
			productName = SimpleDictionary;
			productReference = 1097270E2506790100217C63 /* SimpleDictionary.app */;
			productType = "com.apple.product-type.application";
		};
/* End PBXNativeTarget section */

/* Begin PBXProject section */
		109727062506790100217C63 /* Project object */ = {
			isa = PBXProject;
			attributes = {
				LastSwiftUpdateCheck = 1200;
				LastUpgradeCheck = 1200;
				TargetAttributes = {
					1097270D2506790100217C63 = {
						CreatedOnToolsVersion = 12.0;
					};
				};
			};
			buildConfigurationList = 109727092506790100217C63 /* Build configuration list for PBXProject "SimpleDictionary" */;
			compatibilityVersion = "Xcode 9.3";
			developmentRegion = en;
			hasScannedForEncodings = 0;
			knownRegions = (
				en,
				Base,
			);
			mainGroup = 109727052506790100217C63;
			productRefGroup = 1097270F2506790100217C63 /* Products */;
			projectDirPath = "";
			projectRoot = "";
			targets = (
				1097270D2506790100217C63 /* SimpleDictionary */,
			);
		};
/* End PBXProject section */

/* Begin PBXResourcesBuildPhase section */
		1097270C2506790100217C63 /* Resources */ = {
			isa = PBXResourcesBuildPhase;
			buildActionMask = 2147483647;
			files = (
				109727192506790400217C63 /* Preview Assets.xcassets in Resources */,
				109727162506790400217C63 /* Assets.xcassets in Resources */,
			);
			runOnlyForDeploymentPostprocessing = 0;
		};
/* End PBXResourcesBuildPhase section */

/* Begin PBXSourcesBuildPhase section */
		1097270A2506790100217C63 /* Sources */ = {
			isa = PBXSourcesBuildPhase;
			buildActionMask = 2147483647;
			files = (
				10E19DC125081DD80061CF6B /* Entry.swift in Sources */,
				10E19DB9250816C80061CF6B /* String.swift in Sources */,
				104D5CB62508938C00E5F9D8 /* Color.swift in Sources */,
				1097272F2506A2CE00217C63 /* OXFEntry.swift in Sources */,
				1097274E2507D3CB00217C63 /* DropdownItem.swift in Sources */,
				109727282506880B00217C63 /* APIKeys.swift in Sources */,
				1097272625067DAC00217C63 /* API.swift in Sources */,
				109727142506790100217C63 /* ContentView.swift in Sources */,
				109727452506E01800217C63 /* DictionaryEntryView.swift in Sources */,
				1097273E2506AF1800217C63 /* DictionaryViewModel.swift in Sources */,
				109727312506A51B00217C63 /* OXFSense.swift in Sources */,
				1097273B2506AAF700217C63 /* OXFRetrieveEntry+Networking.swift in Sources */,
				109727352506A7B000217C63 /* OXFRetrieveEntry.swift in Sources */,
				1097272325067A9C00217C63 /* HistoryView.swift in Sources */,
				109727372506A7E800217C63 /* OXFHeadwordEntry.swift in Sources */,
				104D5CB425088C5C00E5F9D8 /* CardView.swift in Sources */,
				10972721250679CD00217C63 /* DictionaryView.swift in Sources */,
				109727392506A86000217C63 /* OXFLexicalEntry.swift in Sources */,
				1097274C2507CFDA00217C63 /* Dropdown.swift in Sources */,
				109727122506790100217C63 /* SimpleDictionaryApp.swift in Sources */,
				109727332506A62A00217C63 /* OXFExamplesList.swift in Sources */,
			);
			runOnlyForDeploymentPostprocessing = 0;
		};
/* End PBXSourcesBuildPhase section */

/* Begin XCBuildConfiguration section */
		1097271B2506790400217C63 /* Debug */ = {
			isa = XCBuildConfiguration;
			buildSettings = {
				ALWAYS_SEARCH_USER_PATHS = NO;
				CLANG_ANALYZER_NONNULL = YES;
				CLANG_ANALYZER_NUMBER_OBJECT_CONVERSION = YES_AGGRESSIVE;
				CLANG_CXX_LANGUAGE_STANDARD = "gnu++14";
				CLANG_CXX_LIBRARY = "libc++";
				CLANG_ENABLE_MODULES = YES;
				CLANG_ENABLE_OBJC_ARC = YES;
				CLANG_ENABLE_OBJC_WEAK = YES;
				CLANG_WARN_BLOCK_CAPTURE_AUTORELEASING = YES;
				CLANG_WARN_BOOL_CONVERSION = YES;
				CLANG_WARN_COMMA = YES;
				CLANG_WARN_CONSTANT_CONVERSION = YES;
				CLANG_WARN_DEPRECATED_OBJC_IMPLEMENTATIONS = YES;
				CLANG_WARN_DIRECT_OBJC_ISA_USAGE = YES_ERROR;
				CLANG_WARN_DOCUMENTATION_COMMENTS = YES;
				CLANG_WARN_EMPTY_BODY = YES;
				CLANG_WARN_ENUM_CONVERSION = YES;
				CLANG_WARN_INFINITE_RECURSION = YES;
				CLANG_WARN_INT_CONVERSION = YES;
				CLANG_WARN_NON_LITERAL_NULL_CONVERSION = YES;
				CLANG_WARN_OBJC_IMPLICIT_RETAIN_SELF = YES;
				CLANG_WARN_OBJC_LITERAL_CONVERSION = YES;
				CLANG_WARN_OBJC_ROOT_CLASS = YES_ERROR;
				CLANG_WARN_QUOTED_INCLUDE_IN_FRAMEWORK_HEADER = YES;
				CLANG_WARN_RANGE_LOOP_ANALYSIS = YES;
				CLANG_WARN_STRICT_PROTOTYPES = YES;
				CLANG_WARN_SUSPICIOUS_MOVE = YES;
				CLANG_WARN_UNGUARDED_AVAILABILITY = YES_AGGRESSIVE;
				CLANG_WARN_UNREACHABLE_CODE = YES;
				CLANG_WARN__DUPLICATE_METHOD_MATCH = YES;
				COPY_PHASE_STRIP = NO;
				DEBUG_INFORMATION_FORMAT = dwarf;
				ENABLE_STRICT_OBJC_MSGSEND = YES;
				ENABLE_TESTABILITY = YES;
				GCC_C_LANGUAGE_STANDARD = gnu11;
				GCC_DYNAMIC_NO_PIC = NO;
				GCC_NO_COMMON_BLOCKS = YES;
				GCC_OPTIMIZATION_LEVEL = 0;
				GCC_PREPROCESSOR_DEFINITIONS = (
					"DEBUG=1",
					"$(inherited)",
				);
				GCC_WARN_64_TO_32_BIT_CONVERSION = YES;
				GCC_WARN_ABOUT_RETURN_TYPE = YES_ERROR;
				GCC_WARN_UNDECLARED_SELECTOR = YES;
				GCC_WARN_UNINITIALIZED_AUTOS = YES_AGGRESSIVE;
				GCC_WARN_UNUSED_FUNCTION = YES;
				GCC_WARN_UNUSED_VARIABLE = YES;
				IPHONEOS_DEPLOYMENT_TARGET = 14.0;
				MTL_ENABLE_DEBUG_INFO = INCLUDE_SOURCE;
				MTL_FAST_MATH = YES;
				ONLY_ACTIVE_ARCH = YES;
				SDKROOT = iphoneos;
				SWIFT_ACTIVE_COMPILATION_CONDITIONS = DEBUG;
				SWIFT_OPTIMIZATION_LEVEL = "-Onone";
			};
			name = Debug;
		};
		1097271C2506790400217C63 /* Release */ = {
			isa = XCBuildConfiguration;
			buildSettings = {
				ALWAYS_SEARCH_USER_PATHS = NO;
				CLANG_ANALYZER_NONNULL = YES;
				CLANG_ANALYZER_NUMBER_OBJECT_CONVERSION = YES_AGGRESSIVE;
				CLANG_CXX_LANGUAGE_STANDARD = "gnu++14";
				CLANG_CXX_LIBRARY = "libc++";
				CLANG_ENABLE_MODULES = YES;
				CLANG_ENABLE_OBJC_ARC = YES;
				CLANG_ENABLE_OBJC_WEAK = YES;
				CLANG_WARN_BLOCK_CAPTURE_AUTORELEASING = YES;
				CLANG_WARN_BOOL_CONVERSION = YES;
				CLANG_WARN_COMMA = YES;
				CLANG_WARN_CONSTANT_CONVERSION = YES;
				CLANG_WARN_DEPRECATED_OBJC_IMPLEMENTATIONS = YES;
				CLANG_WARN_DIRECT_OBJC_ISA_USAGE = YES_ERROR;
				CLANG_WARN_DOCUMENTATION_COMMENTS = YES;
				CLANG_WARN_EMPTY_BODY = YES;
				CLANG_WARN_ENUM_CONVERSION = YES;
				CLANG_WARN_INFINITE_RECURSION = YES;
				CLANG_WARN_INT_CONVERSION = YES;
				CLANG_WARN_NON_LITERAL_NULL_CONVERSION = YES;
				CLANG_WARN_OBJC_IMPLICIT_RETAIN_SELF = YES;
				CLANG_WARN_OBJC_LITERAL_CONVERSION = YES;
				CLANG_WARN_OBJC_ROOT_CLASS = YES_ERROR;
				CLANG_WARN_QUOTED_INCLUDE_IN_FRAMEWORK_HEADER = YES;
				CLANG_WARN_RANGE_LOOP_ANALYSIS = YES;
				CLANG_WARN_STRICT_PROTOTYPES = YES;
				CLANG_WARN_SUSPICIOUS_MOVE = YES;
				CLANG_WARN_UNGUARDED_AVAILABILITY = YES_AGGRESSIVE;
				CLANG_WARN_UNREACHABLE_CODE = YES;
				CLANG_WARN__DUPLICATE_METHOD_MATCH = YES;
				COPY_PHASE_STRIP = NO;
				DEBUG_INFORMATION_FORMAT = "dwarf-with-dsym";
				ENABLE_NS_ASSERTIONS = NO;
				ENABLE_STRICT_OBJC_MSGSEND = YES;
				GCC_C_LANGUAGE_STANDARD = gnu11;
				GCC_NO_COMMON_BLOCKS = YES;
				GCC_WARN_64_TO_32_BIT_CONVERSION = YES;
				GCC_WARN_ABOUT_RETURN_TYPE = YES_ERROR;
				GCC_WARN_UNDECLARED_SELECTOR = YES;
				GCC_WARN_UNINITIALIZED_AUTOS = YES_AGGRESSIVE;
				GCC_WARN_UNUSED_FUNCTION = YES;
				GCC_WARN_UNUSED_VARIABLE = YES;
				IPHONEOS_DEPLOYMENT_TARGET = 14.0;
				MTL_ENABLE_DEBUG_INFO = NO;
				MTL_FAST_MATH = YES;
				SDKROOT = iphoneos;
				SWIFT_COMPILATION_MODE = wholemodule;
				SWIFT_OPTIMIZATION_LEVEL = "-O";
				VALIDATE_PRODUCT = YES;
			};
			name = Release;
		};
		1097271E2506790400217C63 /* Debug */ = {
			isa = XCBuildConfiguration;
			buildSettings = {
				ASSETCATALOG_COMPILER_APPICON_NAME = AppIcon;
				ASSETCATALOG_COMPILER_GLOBAL_ACCENT_COLOR_NAME = AccentColor;
				CODE_SIGN_ENTITLEMENTS = SimpleDictionary/SimpleDictionary.entitlements;
				CODE_SIGN_STYLE = Automatic;
				DEVELOPMENT_ASSET_PATHS = "\"SimpleDictionary/Preview Content\"";
				DEVELOPMENT_TEAM = Q37SD6L72Z;
				ENABLE_PREVIEWS = YES;
				INFOPLIST_FILE = SimpleDictionary/Info.plist;
				IPHONEOS_DEPLOYMENT_TARGET = 14.0;
				LD_RUNPATH_SEARCH_PATHS = (
					"$(inherited)",
					"@executable_path/Frameworks",
				);
				PRODUCT_BUNDLE_IDENTIFIER = olegfire.com.SimpleDictionary;
				PRODUCT_NAME = "$(TARGET_NAME)";
				SUPPORTS_MACCATALYST = NO;
				SWIFT_VERSION = 5.0;
				TARGETED_DEVICE_FAMILY = "1,2";
			};
			name = Debug;
		};
		1097271F2506790400217C63 /* Release */ = {
			isa = XCBuildConfiguration;
			buildSettings = {
				ASSETCATALOG_COMPILER_APPICON_NAME = AppIcon;
				ASSETCATALOG_COMPILER_GLOBAL_ACCENT_COLOR_NAME = AccentColor;
				CODE_SIGN_ENTITLEMENTS = SimpleDictionary/SimpleDictionary.entitlements;
				CODE_SIGN_STYLE = Automatic;
				DEVELOPMENT_ASSET_PATHS = "\"SimpleDictionary/Preview Content\"";
				DEVELOPMENT_TEAM = Q37SD6L72Z;
				ENABLE_PREVIEWS = YES;
				INFOPLIST_FILE = SimpleDictionary/Info.plist;
				IPHONEOS_DEPLOYMENT_TARGET = 14.0;
				LD_RUNPATH_SEARCH_PATHS = (
					"$(inherited)",
					"@executable_path/Frameworks",
				);
				PRODUCT_BUNDLE_IDENTIFIER = olegfire.com.SimpleDictionary;
				PRODUCT_NAME = "$(TARGET_NAME)";
				SUPPORTS_MACCATALYST = NO;
				SWIFT_VERSION = 5.0;
				TARGETED_DEVICE_FAMILY = "1,2";
			};
			name = Release;
		};
/* End XCBuildConfiguration section */

/* Begin XCConfigurationList section */
		109727092506790100217C63 /* Build configuration list for PBXProject "SimpleDictionary" */ = {
			isa = XCConfigurationList;
			buildConfigurations = (
				1097271B2506790400217C63 /* Debug */,
				1097271C2506790400217C63 /* Release */,
			);
			defaultConfigurationIsVisible = 0;
			defaultConfigurationName = Release;
		};
		1097271D2506790400217C63 /* Build configuration list for PBXNativeTarget "SimpleDictionary" */ = {
			isa = XCConfigurationList;
			buildConfigurations = (
				1097271E2506790400217C63 /* Debug */,
				1097271F2506790400217C63 /* Release */,
			);
			defaultConfigurationIsVisible = 0;
			defaultConfigurationName = Release;
		};
/* End XCConfigurationList section */
	};
	rootObject = 109727062506790100217C63 /* Project object */;
}
